
Microsoft Visual Studio Solution File, Format Version 11.00
# Visual Studio 2010
Project("{FAE04EC0-301F-11D3-BF4B-00C04F79EFBC}") = "CensusService", "CensusService\CensusService.csproj", "{F52227A2-8014-4C08-80A3-D513B38EC6D5}"
EndProject
Project("{FAE04EC0-301F-11D3-BF4B-00C04F79EFBC}") = "CensusService.Tests", "CensusService.Tests\CensusService.Tests.csproj", "{D4E3CA79-9A40-4784-A9C6-DFF2CC83DB64}"
EndProject
Global
	GlobalSection(SolutionConfigurationPlatforms) = preSolution
		Debug|Any CPU = Debug|Any CPU
		Release|Any CPU = Release|Any CPU
	EndGlobalSection
	GlobalSection(ProjectConfigurationPlatforms) = postSolution
		{F52227A2-8014-4C08-80A3-D513B38EC6D5}.Debug|Any CPU.ActiveCfg = Debug|Any CPU
		{F52227A2-8014-4C08-80A3-D513B38EC6D5}.Debug|Any CPU.Build.0 = Debug|Any CPU
		{F52227A2-8014-4C08-80A3-D513B38EC6D5}.Release|Any CPU.ActiveCfg = Release|Any CPU
		{F52227A2-8014-4C08-80A3-D513B38EC6D5}.Release|Any CPU.Build.0 = Release|Any CPU
		{D4E3CA79-9A40-4784-A9C6-DFF2CC83DB64}.Debug|Any CPU.ActiveCfg = Debug|Any CPU
		{D4E3CA79-9A40-4784-A9C6-DFF2CC83DB64}.Debug|Any CPU.Build.0 = Debug|Any CPU
		{D4E3CA79-9A40-4784-A9C6-DFF2CC83DB64}.Release|Any CPU.ActiveCfg = Release|Any CPU
		{D4E3CA79-9A40-4784-A9C6-DFF2CC83DB64}.Release|Any CPU.Build.0 = Release|Any CPU
	EndGlobalSection
	GlobalSection(SolutionProperties) = preSolution
		HideSolutionNode = FALSE
	EndGlobalSection
EndGlobal
